PODS:
  - SwiftFormat/CLI (0.29.5)
  - SwiftLint (0.22.0)

DEPENDENCIES:
  - SwiftFormat/CLI
  - SwiftLint

SPEC CHECKSUMS:
  SwiftFormat: 9aadf994b01d08400d3d1b0112116d50e468ebd7
  SwiftLint: 1134786caedd2caab0560d2f36b76414a5a56808

PODFILE CHECKSUM: 3fa9ee4fba33b6c766d072a98d5521456359f6b5

COCOAPODS: 1.2.1
